
Microsoft Visual Studio Solution File, Format Version 12.00
# Visual Studio Version 16
VisualStudioVersion = 16.0.30225.117
MinimumVisualStudioVersion = 10.0.40219.1
Project("{9A19103F-16F7-4668-BE54-9A1E7A4F7556}") = "AsyncBarrier", "AsyncBarrier\AsyncBarrier.csproj", "{F03FD176-29E9-4537-98CF-FD6392BF92E6}"
EndProject
Global
	GlobalSection(SolutionConfigurationPlatforms) = preSolution
		Debug|Any CPU = Debug|Any CPU
		Release|Any CPU = Release|Any CPU
	EndGlobalSection
	GlobalSection(ProjectConfigurationPlatforms) = postSolution
		{F03FD176-29E9-4537-98CF-FD6392BF92E6}.Debug|Any CPU.ActiveCfg = Debug|Any CPU
		{F03FD176-29E9-4537-98CF-FD6392BF92E6}.Debug|Any CPU.Build.0 = Debug|Any CPU
		{F03FD176-29E9-4537-98CF-FD6392BF92E6}.Release|Any CPU.ActiveCfg = Release|Any CPU
		{F03FD176-29E9-4537-98CF-FD6392BF92E6}.Release|Any CPU.Build.0 = Release|Any CPU
	EndGlobalSection
	GlobalSection(SolutionProperties) = preSolution
		HideSolutionNode = FALSE
	EndGlobalSection
	GlobalSection(ExtensibilityGlobals) = postSolution
		SolutionGuid = {4619A08B-B3F1-44E6-A3A3-3078360968DA}
	EndGlobalSection
EndGlobal
